
Microsoft Visual Studio Solution File, Format Version 12.00
# Visual Studio Version 17
VisualStudioVersion = 17.0.31903.59
MinimumVisualStudioVersion = 10.0.40219.1
Project("{9A19103F-16F7-4668-BE54-9A1E7A4F7556}") = "HumanUI", "HumanUI\HumanUI\HumanUI.csproj", "{C04DC96E-280E-42F1-A776-0079ACD5E8F9}"
EndProject
Project("{9A19103F-16F7-4668-BE54-9A1E7A4F7556}") = "HumanUIBaseApp", "HumanUIBaseApp\HumanUIBaseApp\HumanUIBaseApp.csproj", "{CF0CF29B-B13D-485F-98AD-727A4E2736C7}"
EndProject
Global
	GlobalSection(SolutionConfigurationPlatforms) = preSolution
		Debug|Any CPU = Debug|Any CPU
		Release|Any CPU = Release|Any CPU
	EndGlobalSection
	GlobalSection(ProjectConfigurationPlatforms) = postSolution
		{C04DC96E-280E-42F1-A776-0079ACD5E8F9}.Debug|Any CPU.ActiveCfg = Debug|Any CPU
		{C04DC96E-280E-42F1-A776-0079ACD5E8F9}.Debug|Any CPU.Build.0 = Debug|Any CPU
		{C04DC96E-280E-42F1-A776-0079ACD5E8F9}.Release|Any CPU.ActiveCfg = Release|Any CPU
		{C04DC96E-280E-42F1-A776-0079ACD5E8F9}.Release|Any CPU.Build.0 = Release|Any CPU
		{CF0CF29B-B13D-485F-98AD-727A4E2736C7}.Debug|Any CPU.ActiveCfg = Debug|Any CPU
		{CF0CF29B-B13D-485F-98AD-727A4E2736C7}.Debug|Any CPU.Build.0 = Debug|Any CPU
		{CF0CF29B-B13D-485F-98AD-727A4E2736C7}.Release|Any CPU.ActiveCfg = Release|Any CPU
		{CF0CF29B-B13D-485F-98AD-727A4E2736C7}.Release|Any CPU.Build.0 = Release|Any CPU
	EndGlobalSection
	GlobalSection(SolutionProperties) = preSolution
		HideSolutionNode = FALSE
	EndGlobalSection
	GlobalSection(ExtensibilityGlobals) = postSolution
		SolutionGuid = {9CCAB054-3EFB-4EDF-9D59-E35158FD77C8}
	EndGlobalSection
EndGlobal
